
Microsoft Visual Studio Solution File, Format Version 12.00
# Visual Studio 15
VisualStudioVersion = 15.0.26730.8
MinimumVisualStudioVersion = 10.0.40219.1
Project("{FAE04EC0-301F-11D3-BF4B-00C04F79EFBC}") = "EntityFrameworkCore.RawSQLExtensions", "EntityFrameworkCore.RawSQLExtensions\EntityFrameworkCore.RawSQLExtensions.csproj", "{1EDD087C-194F-4AF0-B5A0-56F3541F7F3A}"
EndProject
Project("{FAE04EC0-301F-11D3-BF4B-00C04F79EFBC}") = "EntityFrameworkCore.RawSQLExtensions.Tests", "EntityFrameworkCore.RawSQLExtensions.Tests\EntityFrameworkCore.RawSQLExtensions.Tests.csproj", "{01DF1BC1-9857-42B8-98D5-DCED32FDF4D7}"
EndProject
Global
	GlobalSection(SolutionConfigurationPlatforms) = preSolution
		Debug|Any CPU = Debug|Any CPU
		Release|Any CPU = Release|Any CPU
	EndGlobalSection
	GlobalSection(ProjectConfigurationPlatforms) = postSolution
		{1EDD087C-194F-4AF0-B5A0-56F3541F7F3A}.Debug|Any CPU.ActiveCfg = Debug|Any CPU
		{1EDD087C-194F-4AF0-B5A0-56F3541F7F3A}.Debug|Any CPU.Build.0 = Debug|Any CPU
		{1EDD087C-194F-4AF0-B5A0-56F3541F7F3A}.Release|Any CPU.ActiveCfg = Release|Any CPU
		{1EDD087C-194F-4AF0-B5A0-56F3541F7F3A}.Release|Any CPU.Build.0 = Release|Any CPU
		{01DF1BC1-9857-42B8-98D5-DCED32FDF4D7}.Debug|Any CPU.ActiveCfg = Debug|Any CPU
		{01DF1BC1-9857-42B8-98D5-DCED32FDF4D7}.Debug|Any CPU.Build.0 = Debug|Any CPU
		{01DF1BC1-9857-42B8-98D5-DCED32FDF4D7}.Release|Any CPU.ActiveCfg = Release|Any CPU
		{01DF1BC1-9857-42B8-98D5-DCED32FDF4D7}.Release|Any CPU.Build.0 = Release|Any CPU
	EndGlobalSection
	GlobalSection(SolutionProperties) = preSolution
		HideSolutionNode = FALSE
	EndGlobalSection
	GlobalSection(ExtensibilityGlobals) = postSolution
		SolutionGuid = {307416C6-D9CE-469B-9E70-81FB3517887B}
	EndGlobalSection
EndGlobal
